
Microsoft Visual Studio Solution File, Format Version 12.00
# Visual Studio Version 17
VisualStudioVersion = 17.0.31612.314
MinimumVisualStudioVersion = 10.0.40219.1
Project("{9A19103F-16F7-4668-BE54-9A1E7A4F7556}") = "CG.Blazor.Forms._Syncfusion", "CG.Blazor.Forms._Syncfusion\CG.Blazor.Forms._Syncfusion.csproj", "{D9C3745B-129D-4A3E-9864-781F9AB9ACD1}"
EndProject
Project("{9A19103F-16F7-4668-BE54-9A1E7A4F7556}") = "CG.Blazor.Forms._Syncfusion.Tests", "..\tests\CG.Blazor.Forms._SyncFusion.Tests\CG.Blazor.Forms._Syncfusion.Tests.csproj", "{9A65782F-7C02-496E-9BCF-BA824495BA5E}"
EndProject
Global
	GlobalSection(SolutionConfigurationPlatforms) = preSolution
		Debug|Any CPU = Debug|Any CPU
		Release|Any CPU = Release|Any CPU
	EndGlobalSection
	GlobalSection(ProjectConfigurationPlatforms) = postSolution
		{D9C3745B-129D-4A3E-9864-781F9AB9ACD1}.Debug|Any CPU.ActiveCfg = Debug|Any CPU
		{D9C3745B-129D-4A3E-9864-781F9AB9ACD1}.Debug|Any CPU.Build.0 = Debug|Any CPU
		{D9C3745B-129D-4A3E-9864-781F9AB9ACD1}.Release|Any CPU.ActiveCfg = Release|Any CPU
		{D9C3745B-129D-4A3E-9864-781F9AB9ACD1}.Release|Any CPU.Build.0 = Release|Any CPU
		{9A65782F-7C02-496E-9BCF-BA824495BA5E}.Debug|Any CPU.ActiveCfg = Debug|Any CPU
		{9A65782F-7C02-496E-9BCF-BA824495BA5E}.Debug|Any CPU.Build.0 = Debug|Any CPU
		{9A65782F-7C02-496E-9BCF-BA824495BA5E}.Release|Any CPU.ActiveCfg = Release|Any CPU
		{9A65782F-7C02-496E-9BCF-BA824495BA5E}.Release|Any CPU.Build.0 = Release|Any CPU
	EndGlobalSection
	GlobalSection(SolutionProperties) = preSolution
		HideSolutionNode = FALSE
	EndGlobalSection
	GlobalSection(ExtensibilityGlobals) = postSolution
		SolutionGuid = {41E16B05-BFCB-485F-842A-F664B9D6435C}
	EndGlobalSection
EndGlobal
