
Microsoft Visual Studio Solution File, Format Version 12.00
# Visual Studio Version 17
VisualStudioVersion = 17.0.31612.314
MinimumVisualStudioVersion = 10.0.40219.1
Project("{9A19103F-16F7-4668-BE54-9A1E7A4F7556}") = "CG.Blazor.Forms._Syncfusion.QuickStart", "CG.Blazor.Forms._Syncfusion.QuickStart.csproj", "{B0CD5BB9-C949-4939-B821-2713E8EACF9C}"
EndProject
Project("{9A19103F-16F7-4668-BE54-9A1E7A4F7556}") = "CG.Blazor.Forms._Syncfusion", "..\..\src\CG.Blazor.Forms._Syncfusion\CG.Blazor.Forms._Syncfusion.csproj", "{A7ACB5D7-8D1A-48EC-9627-92BFECCFDF74}"
EndProject
Global
	GlobalSection(SolutionConfigurationPlatforms) = preSolution
		Debug|Any CPU = Debug|Any CPU
		Release|Any CPU = Release|Any CPU
	EndGlobalSection
	GlobalSection(ProjectConfigurationPlatforms) = postSolution
		{B0CD5BB9-C949-4939-B821-2713E8EACF9C}.Debug|Any CPU.ActiveCfg = Debug|Any CPU
		{B0CD5BB9-C949-4939-B821-2713E8EACF9C}.Debug|Any CPU.Build.0 = Debug|Any CPU
		{B0CD5BB9-C949-4939-B821-2713E8EACF9C}.Release|Any CPU.ActiveCfg = Release|Any CPU
		{B0CD5BB9-C949-4939-B821-2713E8EACF9C}.Release|Any CPU.Build.0 = Release|Any CPU
		{A7ACB5D7-8D1A-48EC-9627-92BFECCFDF74}.Debug|Any CPU.ActiveCfg = Debug|Any CPU
		{A7ACB5D7-8D1A-48EC-9627-92BFECCFDF74}.Debug|Any CPU.Build.0 = Debug|Any CPU
		{A7ACB5D7-8D1A-48EC-9627-92BFECCFDF74}.Release|Any CPU.ActiveCfg = Release|Any CPU
		{A7ACB5D7-8D1A-48EC-9627-92BFECCFDF74}.Release|Any CPU.Build.0 = Release|Any CPU
	EndGlobalSection
	GlobalSection(SolutionProperties) = preSolution
		HideSolutionNode = FALSE
	EndGlobalSection
	GlobalSection(ExtensibilityGlobals) = postSolution
		SolutionGuid = {51ECE088-719D-4AD8-907F-F13B501F2167}
	EndGlobalSection
EndGlobal
